
Microsoft Visual Studio Solution File, Format Version 12.00
# Visual Studio 15
VisualStudioVersion = 15.0.28307.421
MinimumVisualStudioVersion = 10.0.40219.1
Project("{FAE04EC0-301F-11D3-BF4B-00C04F79EFBC}") = "Flying_Postman", "Flying_Postman.csproj", "{1D83B6B4-BD2B-4BD3-8E42-DE005BD87859}"
EndProject
Global
	GlobalSection(SolutionConfigurationPlatforms) = preSolution
		Debug|Any CPU = Debug|Any CPU
		Release|Any CPU = Release|Any CPU
	EndGlobalSection
	GlobalSection(ProjectConfigurationPlatforms) = postSolution
		{1D83B6B4-BD2B-4BD3-8E42-DE005BD87859}.Debug|Any CPU.ActiveCfg = Debug|Any CPU
		{1D83B6B4-BD2B-4BD3-8E42-DE005BD87859}.Debug|Any CPU.Build.0 = Debug|Any CPU
		{1D83B6B4-BD2B-4BD3-8E42-DE005BD87859}.Release|Any CPU.ActiveCfg = Release|Any CPU
		{1D83B6B4-BD2B-4BD3-8E42-DE005BD87859}.Release|Any CPU.Build.0 = Release|Any CPU
	EndGlobalSection
	GlobalSection(SolutionProperties) = preSolution
		HideSolutionNode = FALSE
	EndGlobalSection
	GlobalSection(ExtensibilityGlobals) = postSolution
		SolutionGuid = {739789BF-764E-47F2-B0DD-C6ACB0E839A4}
	EndGlobalSection
EndGlobal
